
Microsoft Visual Studio Solution File, Format Version 12.00
# Visual Studio 15
VisualStudioVersion = 15.0.27004.2009
MinimumVisualStudioVersion = 10.0.40219.1
Project("{888888A0-9F3D-457C-B088-3A5042F75D52}") = "voiceClass", "voiceClass\voiceClass.pyproj", "{F3C1D345-35F4-4D65-A81B-4EEF8CCB87D3}"
EndProject
Project("{2150E333-8FDC-42A3-9474-1A3956D46DE8}") = "Solution Items", "Solution Items", "{D5726B54-2D33-4537-BBB0-F421581A89DA}"
	ProjectSection(SolutionItems) = preProject
		voiceClass\db.txt = voiceClass\db.txt
	EndProjectSection
EndProject
Global
	GlobalSection(SolutionConfigurationPlatforms) = preSolution
		Debug|Any CPU = Debug|Any CPU
		Release|Any CPU = Release|Any CPU
	EndGlobalSection
	GlobalSection(ProjectConfigurationPlatforms) = postSolution
		{F3C1D345-35F4-4D65-A81B-4EEF8CCB87D3}.Debug|Any CPU.ActiveCfg = Debug|Any CPU
		{F3C1D345-35F4-4D65-A81B-4EEF8CCB87D3}.Release|Any CPU.ActiveCfg = Release|Any CPU
	EndGlobalSection
	GlobalSection(SolutionProperties) = preSolution
		HideSolutionNode = FALSE
	EndGlobalSection
	GlobalSection(ExtensibilityGlobals) = postSolution
		SolutionGuid = {5EC1E55F-4EF8-45A5-BC73-9ADD7E1229C1}
	EndGlobalSection
EndGlobal
